{
  "requires": true,
  "lockfileVersion": 1,
  "dependencies": {
    "@angular/common": {
      "version": "11.0.7",
      "resolved": "https://registry.npmjs.org/@angular/common/-/common-11.0.7.tgz",
      "integrity": "sha512-9VuT9qrSP7Q91Wp276DDieCIZiTBrpLNoJzK/RygQShTymCVPg4Dsl3tQUKaHBPx9MexeqRG/HjN02DVpeqtsA==",
      "requires": {
        "tslib": "^2.0.0"
      }
    },
    "@angular/core": {
      "version": "11.0.7",
      "resolved": "https://registry.npmjs.org/@angular/core/-/core-11.0.7.tgz",
      "integrity": "sha512-Kj5uRZoK5+xfMTjkP3tw8oIF5hKTnoF9Bwh5m9GUKqg1wHVKOJcT5JBIEMc8qPyiFgALREA01reIzQdGMjX36A==",
      "requires": {
        "tslib": "^2.0.0"
      }
    },
    "angular-responsive-carousel": {
      "version": "2.0.2",
      "resolved": "https://registry.npmjs.org/angular-responsive-carousel/-/angular-responsive-carousel-2.0.2.tgz",
      "integrity": "sha512-ade+YNVnZiq7q7Ljwhp5jk+p/+zT+k+iRC1V+rjbRB93L6qqvoDOjSl6y7TugzMyvk/QumWVsFnQGlB9O3IRsQ==",
      "requires": {
        "tslib": "^2.0.0"
      }
    },
    "bootstrap": {
      "version": "4.5.2",
      "resolved": "https://registry.npmjs.org/bootstrap/-/bootstrap-4.5.2.tgz",
      "integrity": "sha512-vlGn0bcySYl/iV+BGA544JkkZP5LB3jsmkeKLFQakCOwCM3AOk7VkldBz4jrzSe+Z0Ezn99NVXa1o45cQY4R6A=="
    },
    "jquery": {
      "version": "3.5.1",
      "resolved": "https://registry.npmjs.org/jquery/-/jquery-3.5.1.tgz",
      "integrity": "sha512-XwIBPqcMn57FxfT+Go5pzySnm4KWkT1Tv7gjrpT1srtf8Weynl6R273VJ5GjkRb51IzMp5nbaPjJXMWeju2MKg=="
    },
    "ng-starrating": {
      "version": "1.0.20",
      "resolved": "https://registry.npmjs.org/ng-starrating/-/ng-starrating-1.0.20.tgz",
      "integrity": "sha512-RQO9B/EVYHvu4oG8ZAR0sr91d1ouuyr4dzQDa4g1Bgi0tr4Ow6VGJKxrqhu2n8MgdLuaCWGvp9dhXWL1qxTw7Q=="
    },
    "ngx-rating": {
      "version": "0.0.9",
      "resolved": "https://registry.npmjs.org/ngx-rating/-/ngx-rating-0.0.9.tgz",
      "integrity": "sha1-HGc9bll2QuQw+YAGS+hXFmOw/BY="
    },
    "ngx-slick-carousel": {
      "version": "0.5.1",
      "resolved": "https://registry.npmjs.org/ngx-slick-carousel/-/ngx-slick-carousel-0.5.1.tgz",
      "integrity": "sha512-AQr0xhMkp7lobBidkNH2d0Jk5HT0txQVkRwrw0SmOvsQLdUkfo9t0/V7JFssh3yAkkL6YwWvKy7sofBZqHk0bw==",
      "requires": {
        "tslib": "^1.10.0"
      },
      "dependencies": {
        "tslib": {
          "version": "1.14.1",
          "resolved": "https://registry.npmjs.org/tslib/-/tslib-1.14.1.tgz",
          "integrity": "sha512-Xni35NKzjgMrwevysHTCArtLDpPvye8zV/0E4EyYn43P7/7qvQwPh9BGkHewbMulVntbigmcT7rdX3BNo9wRJg=="
        }
      }
    },
    "rxjs": {
      "version": "6.6.3",
      "resolved": "https://registry.npmjs.org/rxjs/-/rxjs-6.6.3.tgz",
      "integrity": "sha512-trsQc+xYYXZ3urjOiJOuCOa5N3jAZ3eiSpQB5hIT8zGlL2QfnHLJ2r7GMkBGuIausdJN1OneaI6gQlsqNHHmZQ==",
      "requires": {
        "tslib": "^1.9.0"
      },
      "dependencies": {
        "tslib": {
          "version": "1.14.1",
          "resolved": "https://registry.npmjs.org/tslib/-/tslib-1.14.1.tgz",
          "integrity": "sha512-Xni35NKzjgMrwevysHTCArtLDpPvye8zV/0E4EyYn43P7/7qvQwPh9BGkHewbMulVntbigmcT7rdX3BNo9wRJg=="
        }
      }
    },
    "slick-carousel": {
      "version": "1.8.1",
      "resolved": "https://registry.npmjs.org/slick-carousel/-/slick-carousel-1.8.1.tgz",
      "integrity": "sha512-XB9Ftrf2EEKfzoQXt3Nitrt/IPbT+f1fgqBdoxO3W/+JYvtEOW6EgxnWfr9GH6nmULv7Y2tPmEX3koxThVmebA=="
    },
    "tslib": {
      "version": "2.1.0",
      "resolved": "https://registry.npmjs.org/tslib/-/tslib-2.1.0.tgz",
      "integrity": "sha512-hcVC3wYEziELGGmEEXue7D75zbwIIVUMWAVbHItGPx0ziyXxrOMQx4rQEVEV45Ut/1IotuEvwqPopzIOkDMf0A=="
    }
  }
}
